
Microsoft Visual Studio Solution File, Format Version 12.00
# Visual Studio 2012
Project("{FAE04EC0-301F-11D3-BF4B-00C04F79EFBC}") = "Client", "Client\Client.csproj", "{0FB0CBBA-C52D-4BEA-A4A1-CBE155021806}"
EndProject
Project("{FAE04EC0-301F-11D3-BF4B-00C04F79EFBC}") = "Server", "Server\Server.csproj", "{7A5EDFB4-E964-4CC5-9C34-ABF487719E32}"
EndProject
Project("{FAE04EC0-301F-11D3-BF4B-00C04F79EFBC}") = "Assemblies", "Assemblies\Assemblies.csproj", "{AC3AFDD4-A952-4632-B76E-56B789BFB985}"
EndProject
Global
	GlobalSection(SolutionConfigurationPlatforms) = preSolution
		Debug|Any CPU = Debug|Any CPU
		Release|Any CPU = Release|Any CPU
	EndGlobalSection
	GlobalSection(ProjectConfigurationPlatforms) = postSolution
		{0FB0CBBA-C52D-4BEA-A4A1-CBE155021806}.Debug|Any CPU.ActiveCfg = Debug|Any CPU
		{0FB0CBBA-C52D-4BEA-A4A1-CBE155021806}.Debug|Any CPU.Build.0 = Debug|Any CPU
		{0FB0CBBA-C52D-4BEA-A4A1-CBE155021806}.Release|Any CPU.ActiveCfg = Release|Any CPU
		{0FB0CBBA-C52D-4BEA-A4A1-CBE155021806}.Release|Any CPU.Build.0 = Release|Any CPU
		{7A5EDFB4-E964-4CC5-9C34-ABF487719E32}.Debug|Any CPU.ActiveCfg = Debug|Any CPU
		{7A5EDFB4-E964-4CC5-9C34-ABF487719E32}.Debug|Any CPU.Build.0 = Debug|Any CPU
		{7A5EDFB4-E964-4CC5-9C34-ABF487719E32}.Release|Any CPU.ActiveCfg = Release|Any CPU
		{7A5EDFB4-E964-4CC5-9C34-ABF487719E32}.Release|Any CPU.Build.0 = Release|Any CPU
		{AC3AFDD4-A952-4632-B76E-56B789BFB985}.Debug|Any CPU.ActiveCfg = Debug|Any CPU
		{AC3AFDD4-A952-4632-B76E-56B789BFB985}.Debug|Any CPU.Build.0 = Debug|Any CPU
		{AC3AFDD4-A952-4632-B76E-56B789BFB985}.Release|Any CPU.ActiveCfg = Release|Any CPU
		{AC3AFDD4-A952-4632-B76E-56B789BFB985}.Release|Any CPU.Build.0 = Release|Any CPU
	EndGlobalSection
	GlobalSection(SolutionProperties) = preSolution
		HideSolutionNode = FALSE
	EndGlobalSection
EndGlobal
